// !$*UTF8*$!
{
	archiveVersion = 1;
	classes = {
	};
	objectVersion = 46;
	objects = {

/* Begin PBXBuildFile section */
		79F7A56619B8D4EA0090C6D0 /* Foundation.framework in Frameworks */ = {isa = PBXBuildFile; fileRef = 79F7A56519B8D4EA0090C6D0 /* Foundation.framework */; };
		79F7A56819B8D4EA0090C6D0 /* CoreGraphics.framework in Frameworks */ = {isa = PBXBuildFile; fileRef = 79F7A56719B8D4EA0090C6D0 /* CoreGraphics.framework */; };
		79F7A56A19B8D4EA0090C6D0 /* UIKit.framework in Frameworks */ = {isa = PBXBuildFile; fileRef = 79F7A56919B8D4EA0090C6D0 /* UIKit.framework */; };
		79F7A57019B8D4EA0090C6D0 /* InfoPlist.strings in Resources */ = {isa = PBXBuildFile; fileRef = 79F7A56E19B8D4EA0090C6D0 /* InfoPlist.strings */; };
		79F7A57219B8D4EA0090C6D0 /* main.m in Sources */ = {isa = PBXBuildFile; fileRef = 79F7A57119B8D4EA0090C6D0 /* main.m */; };
		79F7A57619B8D4EA0090C6D0 /* AppDelegate.m in Sources */ = {isa = PBXBuildFile; fileRef = 79F7A57519B8D4EA0090C6D0 /* AppDelegate.m */; };
		79F7A57919B8D4EA0090C6D0 /* Main_iPhone.storyboard in Resources */ = {isa = PBXBuildFile; fileRef = 79F7A57719B8D4EA0090C6D0 /* Main_iPhone.storyboard */; };
		79F7A57C19B8D4EA0090C6D0 /* Main_iPad.storyboard in Resources */ = {isa = PBXBuildFile; fileRef = 79F7A57A19B8D4EA0090C6D0 /* Main_iPad.storyboard */; };
		79F7A58119B8D4EA0090C6D0 /* Images.xcassets in Resources */ = {isa = PBXBuildFile; fileRef = 79F7A58019B8D4EA0090C6D0 /* Images.xcassets */; };
		79F7A58819B8D4EA0090C6D0 /* XCTest.framework in Frameworks */ = {isa = PBXBuildFile; fileRef = 79F7A58719B8D4EA0090C6D0 /* XCTest.framework */; };
		79F7A58919B8D4EA0090C6D0 /* Foundation.framework in Frameworks */ = {isa = PBXBuildFile; fileRef = 79F7A56519B8D4EA0090C6D0 /* Foundation.framework */; };
		79F7A58A19B8D4EA0090C6D0 /* UIKit.framework in Frameworks */ = {isa = PBXBuildFile; fileRef = 79F7A56919B8D4EA0090C6D0 /* UIKit.framework */; };
		79F7A59219B8D4EA0090C6D0 /* InfoPlist.strings in Resources */ = {isa = PBXBuildFile; fileRef = 79F7A59019B8D4EA0090C6D0 /* InfoPlist.strings */; };
		79F7A59419B8D4EA0090C6D0 /* FoodieTests.m in Sources */ = {isa = PBXBuildFile; fileRef = 79F7A59319B8D4EA0090C6D0 /* FoodieTests.m */; };
		79F7A59E19B8D5930090C6D0 /* MapKit.framework in Frameworks */ = {isa = PBXBuildFile; fileRef = 79F7A59D19B8D5930090C6D0 /* MapKit.framework */; };
		79F7A5A019B8D59E0090C6D0 /* CoreLocation.framework in Frameworks */ = {isa = PBXBuildFile; fileRef = 79F7A59F19B8D59E0090C6D0 /* CoreLocation.framework */; };
		79F7A5A819B8D7FE0090C6D0 /* HomeVC.m in Sources */ = {isa = PBXBuildFile; fileRef = 79F7A5A719B8D7FE0090C6D0 /* HomeVC.m */; };
		79F7A5AC19B8D8340090C6D0 /* HomeVC+Map.m in Sources */ = {isa = PBXBuildFile; fileRef = 79F7A5AB19B8D8340090C6D0 /* HomeVC+Map.m */; };
		79F7A5AF19B8D8520090C6D0 /* HomeVC+TopBar.m in Sources */ = {isa = PBXBuildFile; fileRef = 79F7A5AE19B8D8520090C6D0 /* HomeVC+TopBar.m */; };
		79F7A5EF19B8D9C40090C6D0 /* BlockButton.m in Sources */ = {isa = PBXBuildFile; fileRef = 79F7A5B219B8D9C30090C6D0 /* BlockButton.m */; };
		79F7A5F019B8D9C40090C6D0 /* NSArray+Blocks.m in Sources */ = {isa = PBXBuildFile; fileRef = 79F7A5B419B8D9C30090C6D0 /* NSArray+Blocks.m */; };
		79F7A5F119B8D9C40090C6D0 /* NSDictionary+Blocks.m in Sources */ = {isa = PBXBuildFile; fileRef = 79F7A5B619B8D9C30090C6D0 /* NSDictionary+Blocks.m */; };
		79F7A5F219B8D9C40090C6D0 /* NSDictionary+Types.m in Sources */ = {isa = PBXBuildFile; fileRef = 79F7A5B819B8D9C30090C6D0 /* NSDictionary+Types.m */; };
		79F7A5F319B8D9C40090C6D0 /* NSMutableArray+Stack.m in Sources */ = {isa = PBXBuildFile; fileRef = 79F7A5BA19B8D9C30090C6D0 /* NSMutableArray+Stack.m */; };
		79F7A5F419B8D9C40090C6D0 /* NSNumber+Extras.m in Sources */ = {isa = PBXBuildFile; fileRef = 79F7A5BC19B8D9C30090C6D0 /* NSNumber+Extras.m */; };
		79F7A5F519B8D9C40090C6D0 /* NSObject+AssociatedObject.m in Sources */ = {isa = PBXBuildFile; fileRef = 79F7A5BE19B8D9C30090C6D0 /* NSObject+AssociatedObject.m */; };
		79F7A5F619B8D9C40090C6D0 /* NSObject+deallocBlock.m in Sources */ = {isa = PBXBuildFile; fileRef = 79F7A5C019B8D9C30090C6D0 /* NSObject+deallocBlock.m */; };
		79F7A5F719B8D9C40090C6D0 /* NSObject+DLIntrospection.m in Sources */ = {isa = PBXBuildFile; fileRef = 79F7A5C219B8D9C30090C6D0 /* NSObject+DLIntrospection.m */; };
		79F7A5F819B8D9C40090C6D0 /* NSObject+Swizzle.m in Sources */ = {isa = PBXBuildFile; fileRef = 79F7A5C419B8D9C30090C6D0 /* NSObject+Swizzle.m */; };
		79F7A5F919B8D9C40090C6D0 /* NSSet+Blocks.m in Sources */ = {isa = PBXBuildFile; fileRef = 79F7A5C619B8D9C30090C6D0 /* NSSet+Blocks.m */; };
		79F7A5FA19B8D9C40090C6D0 /* NSString+Extras.m in Sources */ = {isa = PBXBuildFile; fileRef = 79F7A5C819B8D9C30090C6D0 /* NSString+Extras.m */; };
		79F7A5FB19B8D9C40090C6D0 /* NSString+HTML.m in Sources */ = {isa = PBXBuildFile; fileRef = 79F7A5CA19B8D9C30090C6D0 /* NSString+HTML.m */; };
		79F7A5FC19B8D9C40090C6D0 /* NSURLRequest+Extras.m in Sources */ = {isa = PBXBuildFile; fileRef = 79F7A5CC19B8D9C30090C6D0 /* NSURLRequest+Extras.m */; };
		79F7A5FD19B8D9C40090C6D0 /* NTAssetJSON.m in Sources */ = {isa = PBXBuildFile; fileRef = 79F7A5CE19B8D9C30090C6D0 /* NTAssetJSON.m */; };
		79F7A5FE19B8D9C40090C6D0 /* NTJSON.m in Sources */ = {isa = PBXBuildFile; fileRef = 79F7A5D019B8D9C30090C6D0 /* NTJSON.m */; };
		79F7A5FF19B8D9C40090C6D0 /* OrderedDictionary.m in Sources */ = {isa = PBXBuildFile; fileRef = 79F7A5D219B8D9C30090C6D0 /* OrderedDictionary.m */; };
		79F7A60019B8D9C40090C6D0 /* Typedefs.m in Sources */ = {isa = PBXBuildFile; fileRef = 79F7A5D419B8D9C30090C6D0 /* Typedefs.m */; };
		79F7A60119B8D9C40090C6D0 /* UIActionSheet+BlockButtons.m in Sources */ = {isa = PBXBuildFile; fileRef = 79F7A5D619B8D9C40090C6D0 /* UIActionSheet+BlockButtons.m */; };
		79F7A60219B8D9C40090C6D0 /* UIActionSheet+Extras.m in Sources */ = {isa = PBXBuildFile; fileRef = 79F7A5D819B8D9C40090C6D0 /* UIActionSheet+Extras.m */; };
		79F7A60319B8D9C40090C6D0 /* UIAlertView+BlockButtons.m in Sources */ = {isa = PBXBuildFile; fileRef = 79F7A5DA19B8D9C40090C6D0 /* UIAlertView+BlockButtons.m */; };
		79F7A60419B8D9C40090C6D0 /* UIButton+Extras.m in Sources */ = {isa = PBXBuildFile; fileRef = 79F7A5DC19B8D9C40090C6D0 /* UIButton+Extras.m */; };
		79F7A60519B8D9C40090C6D0 /* UIColor+Expanded.m in Sources */ = {isa = PBXBuildFile; fileRef = 79F7A5DE19B8D9C40090C6D0 /* UIColor+Expanded.m */; };
		79F7A60619B8D9C40090C6D0 /* UIDevice+Extras.m in Sources */ = {isa = PBXBuildFile; fileRef = 79F7A5E019B8D9C40090C6D0 /* UIDevice+Extras.m */; };
		79F7A60719B8D9C40090C6D0 /* UIImage+Extras.m in Sources */ = {isa = PBXBuildFile; fileRef = 79F7A5E219B8D9C40090C6D0 /* UIImage+Extras.m */; };
		79F7A60819B8D9C40090C6D0 /* UILabel+Extras.m in Sources */ = {isa = PBXBuildFile; fileRef = 79F7A5E419B8D9C40090C6D0 /* UILabel+Extras.m */; };
		79F7A60919B8D9C40090C6D0 /* UILabel+VerticalAlignment.m in Sources */ = {isa = PBXBuildFile; fileRef = 79F7A5E619B8D9C40090C6D0 /* UILabel+VerticalAlignment.m */; };
		79F7A60A19B8D9C40090C6D0 /* UINavigationController+Blocks.m in Sources */ = {isa = PBXBuildFile; fileRef = 79F7A5E819B8D9C40090C6D0 /* UINavigationController+Blocks.m */; };
		79F7A60B19B8D9C40090C6D0 /* UINavigationController+Extra.m in Sources */ = {isa = PBXBuildFile; fileRef = 79F7A5EA19B8D9C40090C6D0 /* UINavigationController+Extra.m */; };
		79F7A60C19B8D9C40090C6D0 /* UIView+Extras.m in Sources */ = {isa = PBXBuildFile; fileRef = 79F7A5EC19B8D9C40090C6D0 /* UIView+Extras.m */; };
		79F7A60D19B8D9C40090C6D0 /* UIViewController+Blocks.m in Sources */ = {isa = PBXBuildFile; fileRef = 79F7A5EE19B8D9C40090C6D0 /* UIViewController+Blocks.m */; };
		79F7A67B19B8DEF80090C6D0 /* DCCrossHairView.m in Sources */ = {isa = PBXBuildFile; fileRef = 79F7A64919B8DEF80090C6D0 /* DCCrossHairView.m */; };
		79F7A67C19B8DEF80090C6D0 /* DCFrameView.m in Sources */ = {isa = PBXBuildFile; fileRef = 79F7A64B19B8DEF80090C6D0 /* DCFrameView.m */; };
		79F7A67D19B8DEF80090C6D0 /* DCIntrospect.m in Sources */ = {isa = PBXBuildFile; fileRef = 79F7A64D19B8DEF80090C6D0 /* DCIntrospect.m */; };
		79F7A67E19B8DEF80090C6D0 /* DCStatusBarOverlay.m in Sources */ = {isa = PBXBuildFile; fileRef = 79F7A65019B8DEF80090C6D0 /* DCStatusBarOverlay.m */; };
		79F7A67F19B8DEF80090C6D0 /* DCTextView.m in Sources */ = {isa = PBXBuildFile; fileRef = 79F7A65219B8DEF80090C6D0 /* DCTextView.m */; };
		79F7A68019B8DEF80090C6D0 /* UIView+DCAdditions.m in Sources */ = {isa = PBXBuildFile; fileRef = 79F7A65419B8DEF80090C6D0 /* UIView+DCAdditions.m */; };
		79F7A68119B8DEF80090C6D0 /* libGoogleAnalyticsServices.a in Frameworks */ = {isa = PBXBuildFile; fileRef = 79F7A66019B8DEF80090C6D0 /* libGoogleAnalyticsServices.a */; };
		79F7A68219B8DEF80090C6D0 /* CLIColor.m in Sources */ = {isa = PBXBuildFile; fileRef = 79F7A66419B8DEF80090C6D0 /* CLIColor.m */; };
		79F7A68319B8DEF80090C6D0 /* CPLog.m in Sources */ = {isa = PBXBuildFile; fileRef = 79F7A66619B8DEF80090C6D0 /* CPLog.m */; };
		79F7A68419B8DEF80090C6D0 /* DDAbstractDatabaseLogger.m in Sources */ = {isa = PBXBuildFile; fileRef = 79F7A66819B8DEF80090C6D0 /* DDAbstractDatabaseLogger.m */; };
		79F7A68519B8DEF80090C6D0 /* DDASLLogger.m in Sources */ = {isa = PBXBuildFile; fileRef = 79F7A66A19B8DEF80090C6D0 /* DDASLLogger.m */; };
		79F7A68619B8DEF80090C6D0 /* DDFileLogger.m in Sources */ = {isa = PBXBuildFile; fileRef = 79F7A66C19B8DEF80090C6D0 /* DDFileLogger.m */; };
		79F7A68719B8DEF80090C6D0 /* DDLog.m in Sources */ = {isa = PBXBuildFile; fileRef = 79F7A66F19B8DEF80090C6D0 /* DDLog.m */; };
		79F7A68819B8DEF80090C6D0 /* DDTTYLogger.m in Sources */ = {isa = PBXBuildFile; fileRef = 79F7A67119B8DEF80090C6D0 /* DDTTYLogger.m */; };
		79F7A68919B8DEF80090C6D0 /* DDContextFilterLogFormatter.m in Sources */ = {isa = PBXBuildFile; fileRef = 79F7A67419B8DEF80090C6D0 /* DDContextFilterLogFormatter.m */; };
		79F7A68A19B8DEF80090C6D0 /* DDDispatchQueueLogFormatter.m in Sources */ = {isa = PBXBuildFile; fileRef = 79F7A67619B8DEF80090C6D0 /* DDDispatchQueueLogFormatter.m */; };
		79F7A68B19B8DEF80090C6D0 /* DDMultiFormatter.m in Sources */ = {isa = PBXBuildFile; fileRef = 79F7A67819B8DEF80090C6D0 /* DDMultiFormatter.m */; };
		79F7A68C19B8DEF80090C6D0 /* README.txt in Resources */ = {isa = PBXBuildFile; fileRef = 79F7A67919B8DEF80090C6D0 /* README.txt */; };
		79F7A68D19B8DEF80090C6D0 /* Reveal.framework in Frameworks */ = {isa = PBXBuildFile; fileRef = 79F7A67A19B8DEF80090C6D0 /* Reveal.framework */; };
/* End PBXBuildFile section */

/* Begin PBXContainerItemProxy section */
		79F7A58B19B8D4EA0090C6D0 /* PBXContainerItemProxy */ = {
			isa = PBXContainerItemProxy;
			containerPortal = 79F7A55A19B8D4EA0090C6D0 /* Project object */;
			proxyType = 1;
			remoteGlobalIDString = 79F7A56119B8D4EA0090C6D0;
			remoteInfo = Foodie;
		};
/* End PBXContainerItemProxy section */

/* Begin PBXFileReference section */
		79F7A56219B8D4EA0090C6D0 /* Foodie.app */ = {isa = PBXFileReference; explicitFileType = wrapper.application; includeInIndex = 0; path = Foodie.app; sourceTree = BUILT_PRODUCTS_DIR; };
		79F7A56519B8D4EA0090C6D0 /* Foundation.framework */ = {isa = PBXFileReference; lastKnownFileType = wrapper.framework; name = Foundation.framework; path = System/Library/Frameworks/Foundation.framework; sourceTree = SDKROOT; };
		79F7A56719B8D4EA0090C6D0 /* CoreGraphics.framework */ = {isa = PBXFileReference; lastKnownFileType = wrapper.framework; name = CoreGraphics.framework; path = System/Library/Frameworks/CoreGraphics.framework; sourceTree = SDKROOT; };
		79F7A56919B8D4EA0090C6D0 /* UIKit.framework */ = {isa = PBXFileReference; lastKnownFileType = wrapper.framework; name = UIKit.framework; path = System/Library/Frameworks/UIKit.framework; sourceTree = SDKROOT; };
		79F7A56D19B8D4EA0090C6D0 /* Foodie-Info.plist */ = {isa = PBXFileReference; lastKnownFileType = text.plist.xml; path = "Foodie-Info.plist"; sourceTree = "<group>"; };
		79F7A56F19B8D4EA0090C6D0 /* en */ = {isa = PBXFileReference; lastKnownFileType = text.plist.strings; name = en; path = en.lproj/InfoPlist.strings; sourceTree = "<group>"; };
		79F7A57119B8D4EA0090C6D0 /* main.m */ = {isa = PBXFileReference; lastKnownFileType = sourcecode.c.objc; path = main.m; sourceTree = "<group>"; };
		79F7A57319B8D4EA0090C6D0 /* Foodie-Prefix.pch */ = {isa = PBXFileReference; lastKnownFileType = sourcecode.c.h; path = "Foodie-Prefix.pch"; sourceTree = "<group>"; };
		79F7A57419B8D4EA0090C6D0 /* AppDelegate.h */ = {isa = PBXFileReference; lastKnownFileType = sourcecode.c.h; path = AppDelegate.h; sourceTree = "<group>"; };
		79F7A57519B8D4EA0090C6D0 /* AppDelegate.m */ = {isa = PBXFileReference; lastKnownFileType = sourcecode.c.objc; path = AppDelegate.m; sourceTree = "<group>"; };
		79F7A57819B8D4EA0090C6D0 /* Base */ = {isa = PBXFileReference; lastKnownFileType = file.storyboard; name = Base; path = Base.lproj/Main_iPhone.storyboard; sourceTree = "<group>"; };
		79F7A57B19B8D4EA0090C6D0 /* Base */ = {isa = PBXFileReference; lastKnownFileType = file.storyboard; name = Base; path = Base.lproj/Main_iPad.storyboard; sourceTree = "<group>"; };
		79F7A58019B8D4EA0090C6D0 /* Images.xcassets */ = {isa = PBXFileReference; lastKnownFileType = folder.assetcatalog; path = Images.xcassets; sourceTree = "<group>"; };
		79F7A58619B8D4EA0090C6D0 /* FoodieTests.xctest */ = {isa = PBXFileReference; explicitFileType = wrapper.cfbundle; includeInIndex = 0; path = FoodieTests.xctest; sourceTree = BUILT_PRODUCTS_DIR; };
		79F7A58719B8D4EA0090C6D0 /* XCTest.framework */ = {isa = PBXFileReference; lastKnownFileType = wrapper.framework; name = XCTest.framework; path = Library/Frameworks/XCTest.framework; sourceTree = DEVELOPER_DIR; };
		79F7A58F19B8D4EA0090C6D0 /* FoodieTests-Info.plist */ = {isa = PBXFileReference; lastKnownFileType = text.plist.xml; path = "FoodieTests-Info.plist"; sourceTree = "<group>"; };
		79F7A59119B8D4EA0090C6D0 /* en */ = {isa = PBXFileReference; lastKnownFileType = text.plist.strings; name = en; path = en.lproj/InfoPlist.strings; sourceTree = "<group>"; };
		79F7A59319B8D4EA0090C6D0 /* FoodieTests.m */ = {isa = PBXFileReference; lastKnownFileType = sourcecode.c.objc; path = FoodieTests.m; sourceTree = "<group>"; };
		79F7A59D19B8D5930090C6D0 /* MapKit.framework */ = {isa = PBXFileReference; lastKnownFileType = wrapper.framework; name = MapKit.framework; path = System/Library/Frameworks/MapKit.framework; sourceTree = SDKROOT; };
		79F7A59F19B8D59E0090C6D0 /* CoreLocation.framework */ = {isa = PBXFileReference; lastKnownFileType = wrapper.framework; name = CoreLocation.framework; path = System/Library/Frameworks/CoreLocation.framework; sourceTree = SDKROOT; };
		79F7A5A619B8D7FE0090C6D0 /* HomeVC.h */ = {isa = PBXFileReference; fileEncoding = 4; lastKnownFileType = sourcecode.c.h; name = HomeVC.h; path = Home/HomeVC.h; sourceTree = "<group>"; };
		79F7A5A719B8D7FE0090C6D0 /* HomeVC.m */ = {isa = PBXFileReference; fileEncoding = 4; lastKnownFileType = sourcecode.c.objc; name = HomeVC.m; path = Home/HomeVC.m; sourceTree = "<group>"; };
		79F7A5AA19B8D8340090C6D0 /* HomeVC+Map.h */ = {isa = PBXFileReference; fileEncoding = 4; lastKnownFileType = sourcecode.c.h; name = "HomeVC+Map.h"; path = "Home/HomeVC+Map.h"; sourceTree = "<group>"; };
		79F7A5AB19B8D8340090C6D0 /* HomeVC+Map.m */ = {isa = PBXFileReference; fileEncoding = 4; lastKnownFileType = sourcecode.c.objc; name = "HomeVC+Map.m"; path = "Home/HomeVC+Map.m"; sourceTree = "<group>"; };
		79F7A5AD19B8D8520090C6D0 /* HomeVC+TopBar.h */ = {isa = PBXFileReference; fileEncoding = 4; lastKnownFileType = sourcecode.c.h; name = "HomeVC+TopBar.h"; path = "Home/HomeVC+TopBar.h"; sourceTree = "<group>"; };
		79F7A5AE19B8D8520090C6D0 /* HomeVC+TopBar.m */ = {isa = PBXFileReference; fileEncoding = 4; lastKnownFileType = sourcecode.c.objc; name = "HomeVC+TopBar.m"; path = "Home/HomeVC+TopBar.m"; sourceTree = "<group>"; };
		79F7A5B119B8D9C30090C6D0 /* BlockButton.h */ = {isa = PBXFileReference; fileEncoding = 4; lastKnownFileType = sourcecode.c.h; name = BlockButton.h; path = Categories/BlockButton.h; sourceTree = "<group>"; };
		79F7A5B219B8D9C30090C6D0 /* BlockButton.m */ = {isa = PBXFileReference; fileEncoding = 4; lastKnownFileType = sourcecode.c.objc; name = BlockButton.m; path = Categories/BlockButton.m; sourceTree = "<group>"; };
		79F7A5B319B8D9C30090C6D0 /* NSArray+Blocks.h */ = {isa = PBXFileReference; fileEncoding = 4; lastKnownFileType = sourcecode.c.h; name = "NSArray+Blocks.h"; path = "Categories/NSArray+Blocks.h"; sourceTree = "<group>"; };
		79F7A5B419B8D9C30090C6D0 /* NSArray+Blocks.m */ = {isa = PBXFileReference; fileEncoding = 4; lastKnownFileType = sourcecode.c.objc; name = "NSArray+Blocks.m"; path = "Categories/NSArray+Blocks.m"; sourceTree = "<group>"; };
		79F7A5B519B8D9C30090C6D0 /* NSDictionary+Blocks.h */ = {isa = PBXFileReference; fileEncoding = 4; lastKnownFileType = sourcecode.c.h; name = "NSDictionary+Blocks.h"; path = "Categories/NSDictionary+Blocks.h"; sourceTree = "<group>"; };
		79F7A5B619B8D9C30090C6D0 /* NSDictionary+Blocks.m */ = {isa = PBXFileReference; fileEncoding = 4; lastKnownFileType = sourcecode.c.objc; name = "NSDictionary+Blocks.m"; path = "Categories/NSDictionary+Blocks.m"; sourceTree = "<group>"; };
		79F7A5B719B8D9C30090C6D0 /* NSDictionary+Types.h */ = {isa = PBXFileReference; fileEncoding = 4; lastKnownFileType = sourcecode.c.h; name = "NSDictionary+Types.h"; path = "Categories/NSDictionary+Types.h"; sourceTree = "<group>"; };
		79F7A5B819B8D9C30090C6D0 /* NSDictionary+Types.m */ = {isa = PBXFileReference; fileEncoding = 4; lastKnownFileType = sourcecode.c.objc; name = "NSDictionary+Types.m"; path = "Categories/NSDictionary+Types.m"; sourceTree = "<group>"; };
		79F7A5B919B8D9C30090C6D0 /* NSMutableArray+Stack.h */ = {isa = PBXFileReference; fileEncoding = 4; lastKnownFileType = sourcecode.c.h; name = "NSMutableArray+Stack.h"; path = "Categories/NSMutableArray+Stack.h"; sourceTree = "<group>"; };
		79F7A5BA19B8D9C30090C6D0 /* NSMutableArray+Stack.m */ = {isa = PBXFileReference; fileEncoding = 4; lastKnownFileType = sourcecode.c.objc; name = "NSMutableArray+Stack.m"; path = "Categories/NSMutableArray+Stack.m"; sourceTree = "<group>"; };
		79F7A5BB19B8D9C30090C6D0 /* NSNumber+Extras.h */ = {isa = PBXFileReference; fileEncoding = 4; lastKnownFileType = sourcecode.c.h; name = "NSNumber+Extras.h"; path = "Categories/NSNumber+Extras.h"; sourceTree = "<group>"; };
		79F7A5BC19B8D9C30090C6D0 /* NSNumber+Extras.m */ = {isa = PBXFileReference; fileEncoding = 4; lastKnownFileType = sourcecode.c.objc; name = "NSNumber+Extras.m"; path = "Categories/NSNumber+Extras.m"; sourceTree = "<group>"; };
		79F7A5BD19B8D9C30090C6D0 /* NSObject+AssociatedObject.h */ = {isa = PBXFileReference; fileEncoding = 4; lastKnownFileType = sourcecode.c.h; name = "NSObject+AssociatedObject.h"; path = "Categories/NSObject+AssociatedObject.h"; sourceTree = "<group>"; };
		79F7A5BE19B8D9C30090C6D0 /* NSObject+AssociatedObject.m */ = {isa = PBXFileReference; fileEncoding = 4; lastKnownFileType = sourcecode.c.objc; name = "NSObject+AssociatedObject.m"; path = "Categories/NSObject+AssociatedObject.m"; sourceTree = "<group>"; };
		79F7A5BF19B8D9C30090C6D0 /* NSObject+deallocBlock.h */ = {isa = PBXFileReference; fileEncoding = 4; lastKnownFileType = sourcecode.c.h; name = "NSObject+deallocBlock.h"; path = "Categories/NSObject+deallocBlock.h"; sourceTree = "<group>"; };
		79F7A5C019B8D9C30090C6D0 /* NSObject+deallocBlock.m */ = {isa = PBXFileReference; fileEncoding = 4; lastKnownFileType = sourcecode.c.objc; name = "NSObject+deallocBlock.m"; path = "Categories/NSObject+deallocBlock.m"; sourceTree = "<group>"; };
		79F7A5C119B8D9C30090C6D0 /* NSObject+DLIntrospection.h */ = {isa = PBXFileReference; fileEncoding = 4; lastKnownFileType = sourcecode.c.h; name = "NSObject+DLIntrospection.h"; path = "Categories/NSObject+DLIntrospection.h"; sourceTree = "<group>"; };
		79F7A5C219B8D9C30090C6D0 /* NSObject+DLIntrospection.m */ = {isa = PBXFileReference; fileEncoding = 4; lastKnownFileType = sourcecode.c.objc; name = "NSObject+DLIntrospection.m"; path = "Categories/NSObject+DLIntrospection.m"; sourceTree = "<group>"; };
		79F7A5C319B8D9C30090C6D0 /* NSObject+Swizzle.h */ = {isa = PBXFileReference; fileEncoding = 4; lastKnownFileType = sourcecode.c.h; name = "NSObject+Swizzle.h"; path = "Categories/NSObject+Swizzle.h"; sourceTree = "<group>"; };
		79F7A5C419B8D9C30090C6D0 /* NSObject+Swizzle.m */ = {isa = PBXFileReference; fileEncoding = 4; lastKnownFileType = sourcecode.c.objc; name = "NSObject+Swizzle.m"; path = "Categories/NSObject+Swizzle.m"; sourceTree = "<group>"; };
		79F7A5C519B8D9C30090C6D0 /* NSSet+Blocks.h */ = {isa = PBXFileReference; fileEncoding = 4; lastKnownFileType = sourcecode.c.h; name = "NSSet+Blocks.h"; path = "Categories/NSSet+Blocks.h"; sourceTree = "<group>"; };
		79F7A5C619B8D9C30090C6D0 /* NSSet+Blocks.m */ = {isa = PBXFileReference; fileEncoding = 4; lastKnownFileType = sourcecode.c.objc; name = "NSSet+Blocks.m"; path = "Categories/NSSet+Blocks.m"; sourceTree = "<group>"; };
		79F7A5C719B8D9C30090C6D0 /* NSString+Extras.h */ = {isa = PBXFileReference; fileEncoding = 4; lastKnownFileType = sourcecode.c.h; name = "NSString+Extras.h"; path = "Categories/NSString+Extras.h"; sourceTree = "<group>"; };
		79F7A5C819B8D9C30090C6D0 /* NSString+Extras.m */ = {isa = PBXFileReference; fileEncoding = 4; lastKnownFileType = sourcecode.c.objc; name = "NSString+Extras.m"; path = "Categories/NSString+Extras.m"; sourceTree = "<group>"; };
		79F7A5C919B8D9C30090C6D0 /* NSString+HTML.h */ = {isa = PBXFileReference; fileEncoding = 4; lastKnownFileType = sourcecode.c.h; name = "NSString+HTML.h"; path = "Categories/NSString+HTML.h"; sourceTree = "<group>"; };
		79F7A5CA19B8D9C30090C6D0 /* NSString+HTML.m */ = {isa = PBXFileReference; fileEncoding = 4; lastKnownFileType = sourcecode.c.objc; name = "NSString+HTML.m"; path = "Categories/NSString+HTML.m"; sourceTree = "<group>"; };
		79F7A5CB19B8D9C30090C6D0 /* NSURLRequest+Extras.h */ = {isa = PBXFileReference; fileEncoding = 4; lastKnownFileType = sourcecode.c.h; name = "NSURLRequest+Extras.h"; path = "Categories/NSURLRequest+Extras.h"; sourceTree = "<group>"; };
		79F7A5CC19B8D9C30090C6D0 /* NSURLRequest+Extras.m */ = {isa = PBXFileReference; fileEncoding = 4; lastKnownFileType = sourcecode.c.objc; name = "NSURLRequest+Extras.m"; path = "Categories/NSURLRequest+Extras.m"; sourceTree = "<group>"; };
		79F7A5CD19B8D9C30090C6D0 /* NTAssetJSON.h */ = {isa = PBXFileReference; fileEncoding = 4; lastKnownFileType = sourcecode.c.h; name = NTAssetJSON.h; path = Categories/NTAssetJSON.h; sourceTree = "<group>"; };
		79F7A5CE19B8D9C30090C6D0 /* NTAssetJSON.m */ = {isa = PBXFileReference; fileEncoding = 4; lastKnownFileType = sourcecode.c.objc; name = NTAssetJSON.m; path = Categories/NTAssetJSON.m; sourceTree = "<group>"; };
		79F7A5CF19B8D9C30090C6D0 /* NTJSON.h */ = {isa = PBXFileReference; fileEncoding = 4; lastKnownFileType = sourcecode.c.h; name = NTJSON.h; path = Categories/NTJSON.h; sourceTree = "<group>"; };
		79F7A5D019B8D9C30090C6D0 /* NTJSON.m */ = {isa = PBXFileReference; fileEncoding = 4; lastKnownFileType = sourcecode.c.objc; name = NTJSON.m; path = Categories/NTJSON.m; sourceTree = "<group>"; };
		79F7A5D119B8D9C30090C6D0 /* OrderedDictionary.h */ = {isa = PBXFileReference; fileEncoding = 4; lastKnownFileType = sourcecode.c.h; name = OrderedDictionary.h; path = Categories/OrderedDictionary.h; sourceTree = "<group>"; };
		79F7A5D219B8D9C30090C6D0 /* OrderedDictionary.m */ = {isa = PBXFileReference; fileEncoding = 4; lastKnownFileType = sourcecode.c.objc; name = OrderedDictionary.m; path = Categories/OrderedDictionary.m; sourceTree = "<group>"; };
		79F7A5D319B8D9C30090C6D0 /* Typedefs.h */ = {isa = PBXFileReference; fileEncoding = 4; lastKnownFileType = sourcecode.c.h; name = Typedefs.h; path = Categories/Typedefs.h; sourceTree = "<group>"; };
		79F7A5D419B8D9C30090C6D0 /* Typedefs.m */ = {isa = PBXFileReference; fileEncoding = 4; lastKnownFileType = sourcecode.c.objc; name = Typedefs.m; path = Categories/Typedefs.m; sourceTree = "<group>"; };
		79F7A5D519B8D9C40090C6D0 /* UIActionSheet+BlockButtons.h */ = {isa = PBXFileReference; fileEncoding = 4; lastKnownFileType = sourcecode.c.h; name = "UIActionSheet+BlockButtons.h"; path = "Categories/UIActionSheet+BlockButtons.h"; sourceTree = "<group>"; };
		79F7A5D619B8D9C40090C6D0 /* UIActionSheet+BlockButtons.m */ = {isa = PBXFileReference; fileEncoding = 4; lastKnownFileType = sourcecode.c.objc; name = "UIActionSheet+BlockButtons.m"; path = "Categories/UIActionSheet+BlockButtons.m"; sourceTree = "<group>"; };
		79F7A5D719B8D9C40090C6D0 /* UIActionSheet+Extras.h */ = {isa = PBXFileReference; fileEncoding = 4; lastKnownFileType = sourcecode.c.h; name = "UIActionSheet+Extras.h"; path = "Categories/UIActionSheet+Extras.h"; sourceTree = "<group>"; };
		79F7A5D819B8D9C40090C6D0 /* UIActionSheet+Extras.m */ = {isa = PBXFileReference; fileEncoding = 4; lastKnownFileType = sourcecode.c.objc; name = "UIActionSheet+Extras.m"; path = "Categories/UIActionSheet+Extras.m"; sourceTree = "<group>"; };
		79F7A5D919B8D9C40090C6D0 /* UIAlertView+BlockButtons.h */ = {isa = PBXFileReference; fileEncoding = 4; lastKnownFileType = sourcecode.c.h; name = "UIAlertView+BlockButtons.h"; path = "Categories/UIAlertView+BlockButtons.h"; sourceTree = "<group>"; };
		79F7A5DA19B8D9C40090C6D0 /* UIAlertView+BlockButtons.m */ = {isa = PBXFileReference; fileEncoding = 4; lastKnownFileType = sourcecode.c.objc; name = "UIAlertView+BlockButtons.m"; path = "Categories/UIAlertView+BlockButtons.m"; sourceTree = "<group>"; };
		79F7A5DB19B8D9C40090C6D0 /* UIButton+Extras.h */ = {isa = PBXFileReference; fileEncoding = 4; lastKnownFileType = sourcecode.c.h; name = "UIButton+Extras.h"; path = "Categories/UIButton+Extras.h"; sourceTree = "<group>"; };
		79F7A5DC19B8D9C40090C6D0 /* UIButton+Extras.m */ = {isa = PBXFileReference; fileEncoding = 4; lastKnownFileType = sourcecode.c.objc; name = "UIButton+Extras.m"; path = "Categories/UIButton+Extras.m"; sourceTree = "<group>"; };
		79F7A5DD19B8D9C40090C6D0 /* UIColor+Expanded.h */ = {isa = PBXFileReference; fileEncoding = 4; lastKnownFileType = sourcecode.c.h; name = "UIColor+Expanded.h"; path = "Categories/UIColor+Expanded.h"; sourceTree = "<group>"; };
		79F7A5DE19B8D9C40090C6D0 /* UIColor+Expanded.m */ = {isa = PBXFileReference; fileEncoding = 4; lastKnownFileType = sourcecode.c.objc; name = "UIColor+Expanded.m"; path = "Categories/UIColor+Expanded.m"; sourceTree = "<group>"; };
		79F7A5DF19B8D9C40090C6D0 /* UIDevice+Extras.h */ = {isa = PBXFileReference; fileEncoding = 4; lastKnownFileType = sourcecode.c.h; name = "UIDevice+Extras.h"; path = "Categories/UIDevice+Extras.h"; sourceTree = "<group>"; };
		79F7A5E019B8D9C40090C6D0 /* UIDevice+Extras.m */ = {isa = PBXFileReference; fileEncoding = 4; lastKnownFileType = sourcecode.c.objc; name = "UIDevice+Extras.m"; path = "Categories/UIDevice+Extras.m"; sourceTree = "<group>"; };
		79F7A5E119B8D9C40090C6D0 /* UIImage+Extras.h */ = {isa = PBXFileReference; fileEncoding = 4; lastKnownFileType = sourcecode.c.h; name = "UIImage+Extras.h"; path = "Categories/UIImage+Extras.h"; sourceTree = "<group>"; };
		79F7A5E219B8D9C40090C6D0 /* UIImage+Extras.m */ = {isa = PBXFileReference; fileEncoding = 4; lastKnownFileType = sourcecode.c.objc; name = "UIImage+Extras.m"; path = "Categories/UIImage+Extras.m"; sourceTree = "<group>"; };
		79F7A5E319B8D9C40090C6D0 /* UILabel+Extras.h */ = {isa = PBXFileReference; fileEncoding = 4; lastKnownFileType = sourcecode.c.h; name = "UILabel+Extras.h"; path = "Categories/UILabel+Extras.h"; sourceTree = "<group>"; };
		79F7A5E419B8D9C40090C6D0 /* UILabel+Extras.m */ = {isa = PBXFileReference; fileEncoding = 4; lastKnownFileType = sourcecode.c.objc; name = "UILabel+Extras.m"; path = "Categories/UILabel+Extras.m"; sourceTree = "<group>"; };
		79F7A5E519B8D9C40090C6D0 /* UILabel+VerticalAlignment.h */ = {isa = PBXFileReference; fileEncoding = 4; lastKnownFileType = sourcecode.c.h; name = "UILabel+VerticalAlignment.h"; path = "Categories/UILabel+VerticalAlignment.h"; sourceTree = "<group>"; };
		79F7A5E619B8D9C40090C6D0 /* UILabel+VerticalAlignment.m */ = {isa = PBXFileReference; fileEncoding = 4; lastKnownFileType = sourcecode.c.objc; name = "UILabel+VerticalAlignment.m"; path = "Categories/UILabel+VerticalAlignment.m"; sourceTree = "<group>"; };
		79F7A5E719B8D9C40090C6D0 /* UINavigationController+Blocks.h */ = {isa = PBXFileReference; fileEncoding = 4; lastKnownFileType = sourcecode.c.h; name = "UINavigationController+Blocks.h"; path = "Categories/UINavigationController+Blocks.h"; sourceTree = "<group>"; };
		79F7A5E819B8D9C40090C6D0 /* UINavigationController+Blocks.m */ = {isa = PBXFileReference; fileEncoding = 4; lastKnownFileType = sourcecode.c.objc; name = "UINavigationController+Blocks.m"; path = "Categories/UINavigationController+Blocks.m"; sourceTree = "<group>"; };
		79F7A5E919B8D9C40090C6D0 /* UINavigationController+Extra.h */ = {isa = PBXFileReference; fileEncoding = 4; lastKnownFileType = sourcecode.c.h; name = "UINavigationController+Extra.h"; path = "Categories/UINavigationController+Extra.h"; sourceTree = "<group>"; };
		79F7A5EA19B8D9C40090C6D0 /* UINavigationController+Extra.m */ = {isa = PBXFileReference; fileEncoding = 4; lastKnownFileType = sourcecode.c.objc; name = "UINavigationController+Extra.m"; path = "Categories/UINavigationController+Extra.m"; sourceTree = "<group>"; };
		79F7A5EB19B8D9C40090C6D0 /* UIView+Extras.h */ = {isa = PBXFileReference; fileEncoding = 4; lastKnownFileType = sourcecode.c.h; name = "UIView+Extras.h"; path = "Categories/UIView+Extras.h"; sourceTree = "<group>"; };
		79F7A5EC19B8D9C40090C6D0 /* UIView+Extras.m */ = {isa = PBXFileReference; fileEncoding = 4; lastKnownFileType = sourcecode.c.objc; name = "UIView+Extras.m"; path = "Categories/UIView+Extras.m"; sourceTree = "<group>"; };
		79F7A5ED19B8D9C40090C6D0 /* UIViewController+Blocks.h */ = {isa = PBXFileReference; fileEncoding = 4; lastKnownFileType = sourcecode.c.h; name = "UIViewController+Blocks.h"; path = "Categories/UIViewController+Blocks.h"; sourceTree = "<group>"; };
		79F7A5EE19B8D9C40090C6D0 /* UIViewController+Blocks.m */ = {isa = PBXFileReference; fileEncoding = 4; lastKnownFileType = sourcecode.c.objc; name = "UIViewController+Blocks.m"; path = "Categories/UIViewController+Blocks.m"; sourceTree = "<group>"; };
		79F7A64819B8DEF80090C6D0 /* DCCrossHairView.h */ = {isa = PBXFileReference; fileEncoding = 4; lastKnownFileType = sourcecode.c.h; path = DCCrossHairView.h; sourceTree = "<group>"; };
		79F7A64919B8DEF80090C6D0 /* DCCrossHairView.m */ = {isa = PBXFileReference; fileEncoding = 4; lastKnownFileType = sourcecode.c.objc; path = DCCrossHairView.m; sourceTree = "<group>"; };
		79F7A64A19B8DEF80090C6D0 /* DCFrameView.h */ = {isa = PBXFileReference; fileEncoding = 4; lastKnownFileType = sourcecode.c.h; path = DCFrameView.h; sourceTree = "<group>"; };
		79F7A64B19B8DEF80090C6D0 /* DCFrameView.m */ = {isa = PBXFileReference; fileEncoding = 4; lastKnownFileType = sourcecode.c.objc; path = DCFrameView.m; sourceTree = "<group>"; };
		79F7A64C19B8DEF80090C6D0 /* DCIntrospect.h */ = {isa = PBXFileReference; fileEncoding = 4; lastKnownFileType = sourcecode.c.h; path = DCIntrospect.h; sourceTree = "<group>"; };
		79F7A64D19B8DEF80090C6D0 /* DCIntrospect.m */ = {isa = PBXFileReference; fileEncoding = 4; lastKnownFileType = sourcecode.c.objc; path = DCIntrospect.m; sourceTree = "<group>"; };
		79F7A64E19B8DEF80090C6D0 /* DCIntrospectSettings.h */ = {isa = PBXFileReference; fileEncoding = 4; lastKnownFileType = sourcecode.c.h; path = DCIntrospectSettings.h; sourceTree = "<group>"; };
		79F7A64F19B8DEF80090C6D0 /* DCStatusBarOverlay.h */ = {isa = PBXFileReference; fileEncoding = 4; lastKnownFileType = sourcecode.c.h; path = DCStatusBarOverlay.h; sourceTree = "<group>"; };
		79F7A65019B8DEF80090C6D0 /* DCStatusBarOverlay.m */ = {isa = PBXFileReference; fileEncoding = 4; lastKnownFileType = sourcecode.c.objc; path = DCStatusBarOverlay.m; sourceTree = "<group>"; };
		79F7A65119B8DEF80090C6D0 /* DCTextView.h */ = {isa = PBXFileReference; fileEncoding = 4; lastKnownFileType = sourcecode.c.h; path = DCTextView.h; sourceTree = "<group>"; };
		79F7A65219B8DEF80090C6D0 /* DCTextView.m */ = {isa = PBXFileReference; fileEncoding = 4; lastKnownFileType = sourcecode.c.objc; path = DCTextView.m; sourceTree = "<group>"; };
		79F7A65319B8DEF80090C6D0 /* UIView+DCAdditions.h */ = {isa = PBXFileReference; fileEncoding = 4; lastKnownFileType = sourcecode.c.h; path = "UIView+DCAdditions.h"; sourceTree = "<group>"; };
		79F7A65419B8DEF80090C6D0 /* UIView+DCAdditions.m */ = {isa = PBXFileReference; fileEncoding = 4; lastKnownFileType = sourcecode.c.objc; path = "UIView+DCAdditions.m"; sourceTree = "<group>"; };
		79F7A65619B8DEF80090C6D0 /* GAI.h */ = {isa = PBXFileReference; fileEncoding = 4; lastKnownFileType = sourcecode.c.h; path = GAI.h; sourceTree = "<group>"; };
		79F7A65719B8DEF80090C6D0 /* GAIDictionaryBuilder.h */ = {isa = PBXFileReference; fileEncoding = 4; lastKnownFileType = sourcecode.c.h; path = GAIDictionaryBuilder.h; sourceTree = "<group>"; };
		79F7A65819B8DEF80090C6D0 /* GAIEcommerceFields.h */ = {isa = PBXFileReference; fileEncoding = 4; lastKnownFileType = sourcecode.c.h; path = GAIEcommerceFields.h; sourceTree = "<group>"; };
		79F7A65919B8DEF80090C6D0 /* GAIEcommerceProduct.h */ = {isa = PBXFileReference; fileEncoding = 4; lastKnownFileType = sourcecode.c.h; path = GAIEcommerceProduct.h; sourceTree = "<group>"; };
		79F7A65A19B8DEF80090C6D0 /* GAIEcommerceProductAction.h */ = {isa = PBXFileReference; fileEncoding = 4; lastKnownFileType = sourcecode.c.h; path = GAIEcommerceProductAction.h; sourceTree = "<group>"; };
		79F7A65B19B8DEF80090C6D0 /* GAIEcommercePromotion.h */ = {isa = PBXFileReference; fileEncoding = 4; lastKnownFileType = sourcecode.c.h; path = GAIEcommercePromotion.h; sourceTree = "<group>"; };
		79F7A65C19B8DEF80090C6D0 /* GAIFields.h */ = {isa = PBXFileReference; fileEncoding = 4; lastKnownFileType = sourcecode.c.h; path = GAIFields.h; sourceTree = "<group>"; };
		79F7A65D19B8DEF80090C6D0 /* GAILogger.h */ = {isa = PBXFileReference; fileEncoding = 4; lastKnownFileType = sourcecode.c.h; path = GAILogger.h; sourceTree = "<group>"; };
		79F7A65E19B8DEF80090C6D0 /* GAITrackedViewController.h */ = {isa = PBXFileReference; fileEncoding = 4; lastKnownFileType = sourcecode.c.h; path = GAITrackedViewController.h; sourceTree = "<group>"; };
		79F7A65F19B8DEF80090C6D0 /* GAITracker.h */ = {isa = PBXFileReference; fileEncoding = 4; lastKnownFileType = sourcecode.c.h; path = GAITracker.h; sourceTree = "<group>"; };
		79F7A66019B8DEF80090C6D0 /* libGoogleAnalyticsServices.a */ = {isa = PBXFileReference; lastKnownFileType = archive.ar; path = libGoogleAnalyticsServices.a; sourceTree = "<group>"; };
		79F7A66319B8DEF80090C6D0 /* CLIColor.h */ = {isa = PBXFileReference; fileEncoding = 4; lastKnownFileType = sourcecode.c.h; path = CLIColor.h; sourceTree = "<group>"; };
		79F7A66419B8DEF80090C6D0 /* CLIColor.m */ = {isa = PBXFileReference; fileEncoding = 4; lastKnownFileType = sourcecode.c.objc; path = CLIColor.m; sourceTree = "<group>"; };
		79F7A66519B8DEF80090C6D0 /* CPLog.h */ = {isa = PBXFileReference; fileEncoding = 4; lastKnownFileType = sourcecode.c.h; path = CPLog.h; sourceTree = "<group>"; };
		79F7A66619B8DEF80090C6D0 /* CPLog.m */ = {isa = PBXFileReference; fileEncoding = 4; lastKnownFileType = sourcecode.c.objc; path = CPLog.m; sourceTree = "<group>"; };
		79F7A66719B8DEF80090C6D0 /* DDAbstractDatabaseLogger.h */ = {isa = PBXFileReference; fileEncoding = 4; lastKnownFileType = sourcecode.c.h; path = DDAbstractDatabaseLogger.h; sourceTree = "<group>"; };
		79F7A66819B8DEF80090C6D0 /* DDAbstractDatabaseLogger.m */ = {isa = PBXFileReference; fileEncoding = 4; lastKnownFileType = sourcecode.c.objc; path = DDAbstractDatabaseLogger.m; sourceTree = "<group>"; };
		79F7A66919B8DEF80090C6D0 /* DDASLLogger.h */ = {isa = PBXFileReference; fileEncoding = 4; lastKnownFileType = sourcecode.c.h; path = DDASLLogger.h; sourceTree = "<group>"; };
		79F7A66A19B8DEF80090C6D0 /* DDASLLogger.m */ = {isa = PBXFileReference; fileEncoding = 4; lastKnownFileType = sourcecode.c.objc; path = DDASLLogger.m; sourceTree = "<group>"; };
		79F7A66B19B8DEF80090C6D0 /* DDFileLogger.h */ = {isa = PBXFileReference; fileEncoding = 4; lastKnownFileType = sourcecode.c.h; path = DDFileLogger.h; sourceTree = "<group>"; };
		79F7A66C19B8DEF80090C6D0 /* DDFileLogger.m */ = {isa = PBXFileReference; fileEncoding = 4; lastKnownFileType = sourcecode.c.objc; path = DDFileLogger.m; sourceTree = "<group>"; };
		79F7A66D19B8DEF80090C6D0 /* DDLog+LOGV.h */ = {isa = PBXFileReference; fileEncoding = 4; lastKnownFileType = sourcecode.c.h; path = "DDLog+LOGV.h"; sourceTree = "<group>"; };
		79F7A66E19B8DEF80090C6D0 /* DDLog.h */ = {isa = PBXFileReference; fileEncoding = 4; lastKnownFileType = sourcecode.c.h; path = DDLog.h; sourceTree = "<group>"; };
		79F7A66F19B8DEF80090C6D0 /* DDLog.m */ = {isa = PBXFileReference; fileEncoding = 4; lastKnownFileType = sourcecode.c.objc; path = DDLog.m; sourceTree = "<group>"; };
		79F7A67019B8DEF80090C6D0 /* DDTTYLogger.h */ = {isa = PBXFileReference; fileEncoding = 4; lastKnownFileType = sourcecode.c.h; path = DDTTYLogger.h; sourceTree = "<group>"; };
		79F7A67119B8DEF80090C6D0 /* DDTTYLogger.m */ = {isa = PBXFileReference; fileEncoding = 4; lastKnownFileType = sourcecode.c.objc; path = DDTTYLogger.m; sourceTree = "<group>"; };
		79F7A67319B8DEF80090C6D0 /* DDContextFilterLogFormatter.h */ = {isa = PBXFileReference; fileEncoding = 4; lastKnownFileType = sourcecode.c.h; path = DDContextFilterLogFormatter.h; sourceTree = "<group>"; };
		79F7A67419B8DEF80090C6D0 /* DDContextFilterLogFormatter.m */ = {isa = PBXFileReference; fileEncoding = 4; lastKnownFileType = sourcecode.c.objc; path = DDContextFilterLogFormatter.m; sourceTree = "<group>"; };
		79F7A67519B8DEF80090C6D0 /* DDDispatchQueueLogFormatter.h */ = {isa = PBXFileReference; fileEncoding = 4; lastKnownFileType = sourcecode.c.h; path = DDDispatchQueueLogFormatter.h; sourceTree = "<group>"; };
		79F7A67619B8DEF80090C6D0 /* DDDispatchQueueLogFormatter.m */ = {isa = PBXFileReference; fileEncoding = 4; lastKnownFileType = sourcecode.c.objc; path = DDDispatchQueueLogFormatter.m; sourceTree = "<group>"; };
		79F7A67719B8DEF80090C6D0 /* DDMultiFormatter.h */ = {isa = PBXFileReference; fileEncoding = 4; lastKnownFileType = sourcecode.c.h; path = DDMultiFormatter.h; sourceTree = "<group>"; };
		79F7A67819B8DEF80090C6D0 /* DDMultiFormatter.m */ = {isa = PBXFileReference; fileEncoding = 4; lastKnownFileType = sourcecode.c.objc; path = DDMultiFormatter.m; sourceTree = "<group>"; };
		79F7A67919B8DEF80090C6D0 /* README.txt */ = {isa = PBXFileReference; fileEncoding = 4; lastKnownFileType = text; path = README.txt; sourceTree = "<group>"; };
		79F7A67A19B8DEF80090C6D0 /* Reveal.framework */ = {isa = PBXFileReference; lastKnownFileType = wrapper.framework; name = Reveal.framework; path = "Third Party/Reveal.framework"; sourceTree = "<group>"; };
/* End PBXFileReference section */

/* Begin PBXFrameworksBuildPhase section */
		79F7A55F19B8D4EA0090C6D0 /* Frameworks */ = {
			isa = PBXFrameworksBuildPhase;
			buildActionMask = 2147483647;
			files = (
				79F7A68D19B8DEF80090C6D0 /* Reveal.framework in Frameworks */,
				79F7A5A019B8D59E0090C6D0 /* CoreLocation.framework in Frameworks */,
				79F7A59E19B8D5930090C6D0 /* MapKit.framework in Frameworks */,
				79F7A56819B8D4EA0090C6D0 /* CoreGraphics.framework in Frameworks */,
				79F7A56A19B8D4EA0090C6D0 /* UIKit.framework in Frameworks */,
				79F7A56619B8D4EA0090C6D0 /* Foundation.framework in Frameworks */,
				79F7A68119B8DEF80090C6D0 /* libGoogleAnalyticsServices.a in Frameworks */,
			);
			runOnlyForDeploymentPostprocessing = 0;
		};
		79F7A58319B8D4EA0090C6D0 /* Frameworks */ = {
			isa = PBXFrameworksBuildPhase;
			buildActionMask = 2147483647;
			files = (
				79F7A58819B8D4EA0090C6D0 /* XCTest.framework in Frameworks */,
				79F7A58A19B8D4EA0090C6D0 /* UIKit.framework in Frameworks */,
				79F7A58919B8D4EA0090C6D0 /* Foundation.framework in Frameworks */,
			);
			runOnlyForDeploymentPostprocessing = 0;
		};
/* End PBXFrameworksBuildPhase section */

/* Begin PBXGroup section */
		79F7A55919B8D4EA0090C6D0 = {
			isa = PBXGroup;
			children = (
				79F7A56B19B8D4EA0090C6D0 /* Foodie */,
				79F7A58D19B8D4EA0090C6D0 /* FoodieTests */,
				79F7A56419B8D4EA0090C6D0 /* Frameworks */,
				79F7A56319B8D4EA0090C6D0 /* Products */,
			);
			sourceTree = "<group>";
		};
		79F7A56319B8D4EA0090C6D0 /* Products */ = {
			isa = PBXGroup;
			children = (
				79F7A56219B8D4EA0090C6D0 /* Foodie.app */,
				79F7A58619B8D4EA0090C6D0 /* FoodieTests.xctest */,
			);
			name = Products;
			sourceTree = "<group>";
		};
		79F7A56419B8D4EA0090C6D0 /* Frameworks */ = {
			isa = PBXGroup;
			children = (
				79F7A59F19B8D59E0090C6D0 /* CoreLocation.framework */,
				79F7A59D19B8D5930090C6D0 /* MapKit.framework */,
				79F7A56519B8D4EA0090C6D0 /* Foundation.framework */,
				79F7A56719B8D4EA0090C6D0 /* CoreGraphics.framework */,
				79F7A56919B8D4EA0090C6D0 /* UIKit.framework */,
				79F7A58719B8D4EA0090C6D0 /* XCTest.framework */,
			);
			name = Frameworks;
			sourceTree = "<group>";
		};
		79F7A56B19B8D4EA0090C6D0 /* Foodie */ = {
			isa = PBXGroup;
			children = (
				79F7A60E19B8DDC90090C6D0 /* Third Party */,
				79F7A5B019B8D9B50090C6D0 /* Categories */,
				79F7A5A919B8D8100090C6D0 /* Home */,
				79F7A5A119B8D73E0090C6D0 /* Location Manager */,
				79F7A57419B8D4EA0090C6D0 /* AppDelegate.h */,
				79F7A57519B8D4EA0090C6D0 /* AppDelegate.m */,
				79F7A57719B8D4EA0090C6D0 /* Main_iPhone.storyboard */,
				79F7A57A19B8D4EA0090C6D0 /* Main_iPad.storyboard */,
				79F7A58019B8D4EA0090C6D0 /* Images.xcassets */,
				79F7A56C19B8D4EA0090C6D0 /* Supporting Files */,
			);
			path = Foodie;
			sourceTree = "<group>";
		};
		79F7A56C19B8D4EA0090C6D0 /* Supporting Files */ = {
			isa = PBXGroup;
			children = (
				79F7A56D19B8D4EA0090C6D0 /* Foodie-Info.plist */,
				79F7A56E19B8D4EA0090C6D0 /* InfoPlist.strings */,
				79F7A57119B8D4EA0090C6D0 /* main.m */,
				79F7A57319B8D4EA0090C6D0 /* Foodie-Prefix.pch */,
			);
			name = "Supporting Files";
			sourceTree = "<group>";
		};
		79F7A58D19B8D4EA0090C6D0 /* FoodieTests */ = {
			isa = PBXGroup;
			children = (
				79F7A59319B8D4EA0090C6D0 /* FoodieTests.m */,
				79F7A58E19B8D4EA0090C6D0 /* Supporting Files */,
			);
			path = FoodieTests;
			sourceTree = "<group>";
		};
		79F7A58E19B8D4EA0090C6D0 /* Supporting Files */ = {
			isa = PBXGroup;
			children = (
				79F7A58F19B8D4EA0090C6D0 /* FoodieTests-Info.plist */,
				79F7A59019B8D4EA0090C6D0 /* InfoPlist.strings */,
			);
			name = "Supporting Files";
			sourceTree = "<group>";
		};
		79F7A5A119B8D73E0090C6D0 /* Location Manager */ = {
			isa = PBXGroup;
			children = (
			);
			name = "Location Manager";
			sourceTree = "<group>";
		};
		79F7A5A919B8D8100090C6D0 /* Home */ = {
			isa = PBXGroup;
			children = (
				79F7A5A619B8D7FE0090C6D0 /* HomeVC.h */,
				79F7A5A719B8D7FE0090C6D0 /* HomeVC.m */,
				79F7A5AA19B8D8340090C6D0 /* HomeVC+Map.h */,
				79F7A5AB19B8D8340090C6D0 /* HomeVC+Map.m */,
				79F7A5AD19B8D8520090C6D0 /* HomeVC+TopBar.h */,
				79F7A5AE19B8D8520090C6D0 /* HomeVC+TopBar.m */,
			);
			name = Home;
			sourceTree = "<group>";
		};
		79F7A5B019B8D9B50090C6D0 /* Categories */ = {
			isa = PBXGroup;
			children = (
				79F7A5B119B8D9C30090C6D0 /* BlockButton.h */,
				79F7A5B219B8D9C30090C6D0 /* BlockButton.m */,
				79F7A5B319B8D9C30090C6D0 /* NSArray+Blocks.h */,
				79F7A5B419B8D9C30090C6D0 /* NSArray+Blocks.m */,
				79F7A5B519B8D9C30090C6D0 /* NSDictionary+Blocks.h */,
				79F7A5B619B8D9C30090C6D0 /* NSDictionary+Blocks.m */,
				79F7A5B719B8D9C30090C6D0 /* NSDictionary+Types.h */,
				79F7A5B819B8D9C30090C6D0 /* NSDictionary+Types.m */,
				79F7A5B919B8D9C30090C6D0 /* NSMutableArray+Stack.h */,
				79F7A5BA19B8D9C30090C6D0 /* NSMutableArray+Stack.m */,
				79F7A5BB19B8D9C30090C6D0 /* NSNumber+Extras.h */,
				79F7A5BC19B8D9C30090C6D0 /* NSNumber+Extras.m */,
				79F7A5BD19B8D9C30090C6D0 /* NSObject+AssociatedObject.h */,
				79F7A5BE19B8D9C30090C6D0 /* NSObject+AssociatedObject.m */,
				79F7A5BF19B8D9C30090C6D0 /* NSObject+deallocBlock.h */,
				79F7A5C019B8D9C30090C6D0 /* NSObject+deallocBlock.m */,
				79F7A5C119B8D9C30090C6D0 /* NSObject+DLIntrospection.h */,
				79F7A5C219B8D9C30090C6D0 /* NSObject+DLIntrospection.m */,
				79F7A5C319B8D9C30090C6D0 /* NSObject+Swizzle.h */,
				79F7A5C419B8D9C30090C6D0 /* NSObject+Swizzle.m */,
				79F7A5C519B8D9C30090C6D0 /* NSSet+Blocks.h */,
				79F7A5C619B8D9C30090C6D0 /* NSSet+Blocks.m */,
				79F7A5C719B8D9C30090C6D0 /* NSString+Extras.h */,
				79F7A5C819B8D9C30090C6D0 /* NSString+Extras.m */,
				79F7A5C919B8D9C30090C6D0 /* NSString+HTML.h */,
				79F7A5CA19B8D9C30090C6D0 /* NSString+HTML.m */,
				79F7A5CB19B8D9C30090C6D0 /* NSURLRequest+Extras.h */,
				79F7A5CC19B8D9C30090C6D0 /* NSURLRequest+Extras.m */,
				79F7A5CD19B8D9C30090C6D0 /* NTAssetJSON.h */,
				79F7A5CE19B8D9C30090C6D0 /* NTAssetJSON.m */,
				79F7A5CF19B8D9C30090C6D0 /* NTJSON.h */,
				79F7A5D019B8D9C30090C6D0 /* NTJSON.m */,
				79F7A5D119B8D9C30090C6D0 /* OrderedDictionary.h */,
				79F7A5D219B8D9C30090C6D0 /* OrderedDictionary.m */,
				79F7A5D319B8D9C30090C6D0 /* Typedefs.h */,
				79F7A5D419B8D9C30090C6D0 /* Typedefs.m */,
				79F7A5D519B8D9C40090C6D0 /* UIActionSheet+BlockButtons.h */,
				79F7A5D619B8D9C40090C6D0 /* UIActionSheet+BlockButtons.m */,
				79F7A5D719B8D9C40090C6D0 /* UIActionSheet+Extras.h */,
				79F7A5D819B8D9C40090C6D0 /* UIActionSheet+Extras.m */,
				79F7A5D919B8D9C40090C6D0 /* UIAlertView+BlockButtons.h */,
				79F7A5DA19B8D9C40090C6D0 /* UIAlertView+BlockButtons.m */,
				79F7A5DB19B8D9C40090C6D0 /* UIButton+Extras.h */,
				79F7A5DC19B8D9C40090C6D0 /* UIButton+Extras.m */,
				79F7A5DD19B8D9C40090C6D0 /* UIColor+Expanded.h */,
				79F7A5DE19B8D9C40090C6D0 /* UIColor+Expanded.m */,
				79F7A5DF19B8D9C40090C6D0 /* UIDevice+Extras.h */,
				79F7A5E019B8D9C40090C6D0 /* UIDevice+Extras.m */,
				79F7A5E119B8D9C40090C6D0 /* UIImage+Extras.h */,
				79F7A5E219B8D9C40090C6D0 /* UIImage+Extras.m */,
				79F7A5E319B8D9C40090C6D0 /* UILabel+Extras.h */,
				79F7A5E419B8D9C40090C6D0 /* UILabel+Extras.m */,
				79F7A5E519B8D9C40090C6D0 /* UILabel+VerticalAlignment.h */,
				79F7A5E619B8D9C40090C6D0 /* UILabel+VerticalAlignment.m */,
				79F7A5E719B8D9C40090C6D0 /* UINavigationController+Blocks.h */,
				79F7A5E819B8D9C40090C6D0 /* UINavigationController+Blocks.m */,
				79F7A5E919B8D9C40090C6D0 /* UINavigationController+Extra.h */,
				79F7A5EA19B8D9C40090C6D0 /* UINavigationController+Extra.m */,
				79F7A5EB19B8D9C40090C6D0 /* UIView+Extras.h */,
				79F7A5EC19B8D9C40090C6D0 /* UIView+Extras.m */,
				79F7A5ED19B8D9C40090C6D0 /* UIViewController+Blocks.h */,
				79F7A5EE19B8D9C40090C6D0 /* UIViewController+Blocks.m */,
			);
			name = Categories;
			sourceTree = "<group>";
		};
		79F7A60E19B8DDC90090C6D0 /* Third Party */ = {
			isa = PBXGroup;
			children = (
				79F7A64719B8DEF80090C6D0 /* DCIntrospect-ARC */,
				79F7A65519B8DEF80090C6D0 /* GoogleAnalytics */,
				79F7A66119B8DEF80090C6D0 /* Lumberjack */,
				79F7A67A19B8DEF80090C6D0 /* Reveal.framework */,
			);
			name = "Third Party";
			sourceTree = "<group>";
		};
		79F7A64719B8DEF80090C6D0 /* DCIntrospect-ARC */ = {
			isa = PBXGroup;
			children = (
				79F7A64819B8DEF80090C6D0 /* DCCrossHairView.h */,
				79F7A64919B8DEF80090C6D0 /* DCCrossHairView.m */,
				79F7A64A19B8DEF80090C6D0 /* DCFrameView.h */,
				79F7A64B19B8DEF80090C6D0 /* DCFrameView.m */,
				79F7A64C19B8DEF80090C6D0 /* DCIntrospect.h */,
				79F7A64D19B8DEF80090C6D0 /* DCIntrospect.m */,
				79F7A64E19B8DEF80090C6D0 /* DCIntrospectSettings.h */,
				79F7A64F19B8DEF80090C6D0 /* DCStatusBarOverlay.h */,
				79F7A65019B8DEF80090C6D0 /* DCStatusBarOverlay.m */,
				79F7A65119B8DEF80090C6D0 /* DCTextView.h */,
				79F7A65219B8DEF80090C6D0 /* DCTextView.m */,
				79F7A65319B8DEF80090C6D0 /* UIView+DCAdditions.h */,
				79F7A65419B8DEF80090C6D0 /* UIView+DCAdditions.m */,
			);
			name = "DCIntrospect-ARC";
			path = "Third Party/DCIntrospect-ARC";
			sourceTree = "<group>";
		};
		79F7A65519B8DEF80090C6D0 /* GoogleAnalytics */ = {
			isa = PBXGroup;
			children = (
				79F7A65619B8DEF80090C6D0 /* GAI.h */,
				79F7A65719B8DEF80090C6D0 /* GAIDictionaryBuilder.h */,
				79F7A65819B8DEF80090C6D0 /* GAIEcommerceFields.h */,
				79F7A65919B8DEF80090C6D0 /* GAIEcommerceProduct.h */,
				79F7A65A19B8DEF80090C6D0 /* GAIEcommerceProductAction.h */,
				79F7A65B19B8DEF80090C6D0 /* GAIEcommercePromotion.h */,
				79F7A65C19B8DEF80090C6D0 /* GAIFields.h */,
				79F7A65D19B8DEF80090C6D0 /* GAILogger.h */,
				79F7A65E19B8DEF80090C6D0 /* GAITrackedViewController.h */,
				79F7A65F19B8DEF80090C6D0 /* GAITracker.h */,
				79F7A66019B8DEF80090C6D0 /* libGoogleAnalyticsServices.a */,
			);
			name = GoogleAnalytics;
			path = "Third Party/GoogleAnalytics";
			sourceTree = "<group>";
		};
		79F7A66119B8DEF80090C6D0 /* Lumberjack */ = {
			isa = PBXGroup;
			children = (
				79F7A66219B8DEF80090C6D0 /* CLI */,
				79F7A66519B8DEF80090C6D0 /* CPLog.h */,
				79F7A66619B8DEF80090C6D0 /* CPLog.m */,
				79F7A66719B8DEF80090C6D0 /* DDAbstractDatabaseLogger.h */,
				79F7A66819B8DEF80090C6D0 /* DDAbstractDatabaseLogger.m */,
				79F7A66919B8DEF80090C6D0 /* DDASLLogger.h */,
				79F7A66A19B8DEF80090C6D0 /* DDASLLogger.m */,
				79F7A66B19B8DEF80090C6D0 /* DDFileLogger.h */,
				79F7A66C19B8DEF80090C6D0 /* DDFileLogger.m */,
				79F7A66D19B8DEF80090C6D0 /* DDLog+LOGV.h */,
				79F7A66E19B8DEF80090C6D0 /* DDLog.h */,
				79F7A66F19B8DEF80090C6D0 /* DDLog.m */,
				79F7A67019B8DEF80090C6D0 /* DDTTYLogger.h */,
				79F7A67119B8DEF80090C6D0 /* DDTTYLogger.m */,
				79F7A67219B8DEF80090C6D0 /* Extensions */,
			);
			name = Lumberjack;
			path = "Third Party/Lumberjack";
			sourceTree = "<group>";
		};
		79F7A66219B8DEF80090C6D0 /* CLI */ = {
			isa = PBXGroup;
			children = (
				79F7A66319B8DEF80090C6D0 /* CLIColor.h */,
				79F7A66419B8DEF80090C6D0 /* CLIColor.m */,
			);
			path = CLI;
			sourceTree = "<group>";
		};
		79F7A67219B8DEF80090C6D0 /* Extensions */ = {
			isa = PBXGroup;
			children = (
				79F7A67319B8DEF80090C6D0 /* DDContextFilterLogFormatter.h */,
				79F7A67419B8DEF80090C6D0 /* DDContextFilterLogFormatter.m */,
				79F7A67519B8DEF80090C6D0 /* DDDispatchQueueLogFormatter.h */,
				79F7A67619B8DEF80090C6D0 /* DDDispatchQueueLogFormatter.m */,
				79F7A67719B8DEF80090C6D0 /* DDMultiFormatter.h */,
				79F7A67819B8DEF80090C6D0 /* DDMultiFormatter.m */,
				79F7A67919B8DEF80090C6D0 /* README.txt */,
			);
			path = Extensions;
			sourceTree = "<group>";
		};
/* End PBXGroup section */

/* Begin PBXNativeTarget section */
		79F7A56119B8D4EA0090C6D0 /* Foodie */ = {
			isa = PBXNativeTarget;
			buildConfigurationList = 79F7A59719B8D4EA0090C6D0 /* Build configuration list for PBXNativeTarget "Foodie" */;
			buildPhases = (
				79F7A55E19B8D4EA0090C6D0 /* Sources */,
				79F7A55F19B8D4EA0090C6D0 /* Frameworks */,
				79F7A56019B8D4EA0090C6D0 /* Resources */,
			);
			buildRules = (
			);
			dependencies = (
			);
			name = Foodie;
			productName = Foodie;
			productReference = 79F7A56219B8D4EA0090C6D0 /* Foodie.app */;
			productType = "com.apple.product-type.application";
		};
		79F7A58519B8D4EA0090C6D0 /* FoodieTests */ = {
			isa = PBXNativeTarget;
			buildConfigurationList = 79F7A59A19B8D4EA0090C6D0 /* Build configuration list for PBXNativeTarget "FoodieTests" */;
			buildPhases = (
				79F7A58219B8D4EA0090C6D0 /* Sources */,
				79F7A58319B8D4EA0090C6D0 /* Frameworks */,
				79F7A58419B8D4EA0090C6D0 /* Resources */,
			);
			buildRules = (
			);
			dependencies = (
				79F7A58C19B8D4EA0090C6D0 /* PBXTargetDependency */,
			);
			name = FoodieTests;
			productName = FoodieTests;
			productReference = 79F7A58619B8D4EA0090C6D0 /* FoodieTests.xctest */;
			productType = "com.apple.product-type.bundle.unit-test";
		};
/* End PBXNativeTarget section */

/* Begin PBXProject section */
		79F7A55A19B8D4EA0090C6D0 /* Project object */ = {
			isa = PBXProject;
			attributes = {
				LastUpgradeCheck = 0510;
				ORGANIZATIONNAME = "Manish Kumar";
				TargetAttributes = {
					79F7A58519B8D4EA0090C6D0 = {
						TestTargetID = 79F7A56119B8D4EA0090C6D0;
					};
				};
			};
			buildConfigurationList = 79F7A55D19B8D4EA0090C6D0 /* Build configuration list for PBXProject "Foodie" */;
			compatibilityVersion = "Xcode 3.2";
			developmentRegion = English;
			hasScannedForEncodings = 0;
			knownRegions = (
				en,
				Base,
			);
			mainGroup = 79F7A55919B8D4EA0090C6D0;
			productRefGroup = 79F7A56319B8D4EA0090C6D0 /* Products */;
			projectDirPath = "";
			projectRoot = "";
			targets = (
				79F7A56119B8D4EA0090C6D0 /* Foodie */,
				79F7A58519B8D4EA0090C6D0 /* FoodieTests */,
			);
		};
/* End PBXProject section */

/* Begin PBXResourcesBuildPhase section */
		79F7A56019B8D4EA0090C6D0 /* Resources */ = {
			isa = PBXResourcesBuildPhase;
			buildActionMask = 2147483647;
			files = (
				79F7A57C19B8D4EA0090C6D0 /* Main_iPad.storyboard in Resources */,
				79F7A58119B8D4EA0090C6D0 /* Images.xcassets in Resources */,
				79F7A57919B8D4EA0090C6D0 /* Main_iPhone.storyboard in Resources */,
				79F7A57019B8D4EA0090C6D0 /* InfoPlist.strings in Resources */,
				79F7A68C19B8DEF80090C6D0 /* README.txt in Resources */,
			);
			runOnlyForDeploymentPostprocessing = 0;
		};
		79F7A58419B8D4EA0090C6D0 /* Resources */ = {
			isa = PBXResourcesBuildPhase;
			buildActionMask = 2147483647;
			files = (
				79F7A59219B8D4EA0090C6D0 /* InfoPlist.strings in Resources */,
			);
			runOnlyForDeploymentPostprocessing = 0;
		};
/* End PBXResourcesBuildPhase section */

/* Begin PBXSourcesBuildPhase section */
		79F7A55E19B8D4EA0090C6D0 /* Sources */ = {
			isa = PBXSourcesBuildPhase;
			buildActionMask = 2147483647;
			files = (
				79F7A5F519B8D9C40090C6D0 /* NSObject+AssociatedObject.m in Sources */,
				79F7A5FA19B8D9C40090C6D0 /* NSString+Extras.m in Sources */,
				79F7A68619B8DEF80090C6D0 /* DDFileLogger.m in Sources */,
				79F7A60A19B8D9C40090C6D0 /* UINavigationController+Blocks.m in Sources */,
				79F7A68319B8DEF80090C6D0 /* CPLog.m in Sources */,
				79F7A68A19B8DEF80090C6D0 /* DDDispatchQueueLogFormatter.m in Sources */,
				79F7A5F119B8D9C40090C6D0 /* NSDictionary+Blocks.m in Sources */,
				79F7A60019B8D9C40090C6D0 /* Typedefs.m in Sources */,
				79F7A68519B8DEF80090C6D0 /* DDASLLogger.m in Sources */,
				79F7A60719B8D9C40090C6D0 /* UIImage+Extras.m in Sources */,
				79F7A5FE19B8D9C40090C6D0 /* NTJSON.m in Sources */,
				79F7A57619B8D4EA0090C6D0 /* AppDelegate.m in Sources */,
				79F7A5FB19B8D9C40090C6D0 /* NSString+HTML.m in Sources */,
				79F7A68719B8DEF80090C6D0 /* DDLog.m in Sources */,
				79F7A67E19B8DEF80090C6D0 /* DCStatusBarOverlay.m in Sources */,
				79F7A5EF19B8D9C40090C6D0 /* BlockButton.m in Sources */,
				79F7A5F619B8D9C40090C6D0 /* NSObject+deallocBlock.m in Sources */,
				79F7A5F019B8D9C40090C6D0 /* NSArray+Blocks.m in Sources */,
				79F7A68419B8DEF80090C6D0 /* DDAbstractDatabaseLogger.m in Sources */,
				79F7A68019B8DEF80090C6D0 /* UIView+DCAdditions.m in Sources */,
				79F7A68B19B8DEF80090C6D0 /* DDMultiFormatter.m in Sources */,
				79F7A68819B8DEF80090C6D0 /* DDTTYLogger.m in Sources */,
				79F7A60519B8D9C40090C6D0 /* UIColor+Expanded.m in Sources */,
				79F7A5FF19B8D9C40090C6D0 /* OrderedDictionary.m in Sources */,
				79F7A60819B8D9C40090C6D0 /* UILabel+Extras.m in Sources */,
				79F7A5AF19B8D8520090C6D0 /* HomeVC+TopBar.m in Sources */,
				79F7A5FC19B8D9C40090C6D0 /* NSURLRequest+Extras.m in Sources */,
				79F7A68919B8DEF80090C6D0 /* DDContextFilterLogFormatter.m in Sources */,
				79F7A5F719B8D9C40090C6D0 /* NSObject+DLIntrospection.m in Sources */,
				79F7A5A819B8D7FE0090C6D0 /* HomeVC.m in Sources */,
				79F7A60C19B8D9C40090C6D0 /* UIView+Extras.m in Sources */,
				79F7A5F819B8D9C40090C6D0 /* NSObject+Swizzle.m in Sources */,
				79F7A5F419B8D9C40090C6D0 /* NSNumber+Extras.m in Sources */,
				79F7A67F19B8DEF80090C6D0 /* DCTextView.m in Sources */,
				79F7A60319B8D9C40090C6D0 /* UIAlertView+BlockButtons.m in Sources */,
				79F7A60119B8D9C40090C6D0 /* UIActionSheet+BlockButtons.m in Sources */,
				79F7A60419B8D9C40090C6D0 /* UIButton+Extras.m in Sources */,
				79F7A67B19B8DEF80090C6D0 /* DCCrossHairView.m in Sources */,
				79F7A67D19B8DEF80090C6D0 /* DCIntrospect.m in Sources */,
				79F7A60219B8D9C40090C6D0 /* UIActionSheet+Extras.m in Sources */,
				79F7A60919B8D9C40090C6D0 /* UILabel+VerticalAlignment.m in Sources */,
				79F7A60B19B8D9C40090C6D0 /* UINavigationController+Extra.m in Sources */,
				79F7A5F319B8D9C40090C6D0 /* NSMutableArray+Stack.m in Sources */,
				79F7A60619B8D9C40090C6D0 /* UIDevice+Extras.m in Sources */,
				79F7A68219B8DEF80090C6D0 /* CLIColor.m in Sources */,
				79F7A5F219B8D9C40090C6D0 /* NSDictionary+Types.m in Sources */,
				79F7A5FD19B8D9C40090C6D0 /* NTAssetJSON.m in Sources */,
				79F7A67C19B8DEF80090C6D0 /* DCFrameView.m in Sources */,
				79F7A5AC19B8D8340090C6D0 /* HomeVC+Map.m in Sources */,
				79F7A57219B8D4EA0090C6D0 /* main.m in Sources */,
				79F7A60D19B8D9C40090C6D0 /* UIViewController+Blocks.m in Sources */,
				79F7A5F919B8D9C40090C6D0 /* NSSet+Blocks.m in Sources */,
			);
			runOnlyForDeploymentPostprocessing = 0;
		};
		79F7A58219B8D4EA0090C6D0 /* Sources */ = {
			isa = PBXSourcesBuildPhase;
			buildActionMask = 2147483647;
			files = (
				79F7A59419B8D4EA0090C6D0 /* FoodieTests.m in Sources */,
			);
			runOnlyForDeploymentPostprocessing = 0;
		};
/* End PBXSourcesBuildPhase section */

/* Begin PBXTargetDependency section */
		79F7A58C19B8D4EA0090C6D0 /* PBXTargetDependency */ = {
			isa = PBXTargetDependency;
			target = 79F7A56119B8D4EA0090C6D0 /* Foodie */;
			targetProxy = 79F7A58B19B8D4EA0090C6D0 /* PBXContainerItemProxy */;
		};
/* End PBXTargetDependency section */

/* Begin PBXVariantGroup section */
		79F7A56E19B8D4EA0090C6D0 /* InfoPlist.strings */ = {
			isa = PBXVariantGroup;
			children = (
				79F7A56F19B8D4EA0090C6D0 /* en */,
			);
			name = InfoPlist.strings;
			sourceTree = "<group>";
		};
		79F7A57719B8D4EA0090C6D0 /* Main_iPhone.storyboard */ = {
			isa = PBXVariantGroup;
			children = (
				79F7A57819B8D4EA0090C6D0 /* Base */,
			);
			name = Main_iPhone.storyboard;
			sourceTree = "<group>";
		};
		79F7A57A19B8D4EA0090C6D0 /* Main_iPad.storyboard */ = {
			isa = PBXVariantGroup;
			children = (
				79F7A57B19B8D4EA0090C6D0 /* Base */,
			);
			name = Main_iPad.storyboard;
			sourceTree = "<group>";
		};
		79F7A59019B8D4EA0090C6D0 /* InfoPlist.strings */ = {
			isa = PBXVariantGroup;
			children = (
				79F7A59119B8D4EA0090C6D0 /* en */,
			);
			name = InfoPlist.strings;
			sourceTree = "<group>";
		};
/* End PBXVariantGroup section */

/* Begin XCBuildConfiguration section */
		79F7A59519B8D4EA0090C6D0 /* Debug */ = {
			isa = XCBuildConfiguration;
			buildSettings = {
				ALWAYS_SEARCH_USER_PATHS = NO;
				CLANG_CXX_LANGUAGE_STANDARD = "gnu++0x";
				CLANG_CXX_LIBRARY = "libc++";
				CLANG_ENABLE_MODULES = YES;
				CLANG_ENABLE_OBJC_ARC = YES;
				CLANG_WARN_BOOL_CONVERSION = YES;
				CLANG_WARN_CONSTANT_CONVERSION = YES;
				CLANG_WARN_DIRECT_OBJC_ISA_USAGE = YES_ERROR;
				CLANG_WARN_EMPTY_BODY = YES;
				CLANG_WARN_ENUM_CONVERSION = YES;
				CLANG_WARN_INT_CONVERSION = YES;
				CLANG_WARN_OBJC_ROOT_CLASS = YES_ERROR;
				CLANG_WARN__DUPLICATE_METHOD_MATCH = YES;
				"CODE_SIGN_IDENTITY[sdk=iphoneos*]" = "iPhone Developer";
				COPY_PHASE_STRIP = NO;
				GCC_C_LANGUAGE_STANDARD = gnu99;
				GCC_DYNAMIC_NO_PIC = NO;
				GCC_OPTIMIZATION_LEVEL = 0;
				GCC_PREPROCESSOR_DEFINITIONS = (
					"DEBUG=1",
					"$(inherited)",
				);
				GCC_SYMBOLS_PRIVATE_EXTERN = NO;
				GCC_WARN_64_TO_32_BIT_CONVERSION = YES;
				GCC_WARN_ABOUT_RETURN_TYPE = YES_ERROR;
				GCC_WARN_UNDECLARED_SELECTOR = YES;
				GCC_WARN_UNINITIALIZED_AUTOS = YES_AGGRESSIVE;
				GCC_WARN_UNUSED_FUNCTION = YES;
				GCC_WARN_UNUSED_VARIABLE = YES;
				IPHONEOS_DEPLOYMENT_TARGET = 7.1;
				ONLY_ACTIVE_ARCH = YES;
				SDKROOT = iphoneos;
				TARGETED_DEVICE_FAMILY = "1,2";
			};
			name = Debug;
		};
		79F7A59619B8D4EA0090C6D0 /* Release */ = {
			isa = XCBuildConfiguration;
			buildSettings = {
				ALWAYS_SEARCH_USER_PATHS = NO;
				CLANG_CXX_LANGUAGE_STANDARD = "gnu++0x";
				CLANG_CXX_LIBRARY = "libc++";
				CLANG_ENABLE_MODULES = YES;
				CLANG_ENABLE_OBJC_ARC = YES;
				CLANG_WARN_BOOL_CONVERSION = YES;
				CLANG_WARN_CONSTANT_CONVERSION = YES;
				CLANG_WARN_DIRECT_OBJC_ISA_USAGE = YES_ERROR;
				CLANG_WARN_EMPTY_BODY = YES;
				CLANG_WARN_ENUM_CONVERSION = YES;
				CLANG_WARN_INT_CONVERSION = YES;
				CLANG_WARN_OBJC_ROOT_CLASS = YES_ERROR;
				CLANG_WARN__DUPLICATE_METHOD_MATCH = YES;
				"CODE_SIGN_IDENTITY[sdk=iphoneos*]" = "iPhone Developer";
				COPY_PHASE_STRIP = YES;
				ENABLE_NS_ASSERTIONS = NO;
				GCC_C_LANGUAGE_STANDARD = gnu99;
				GCC_WARN_64_TO_32_BIT_CONVERSION = YES;
				GCC_WARN_ABOUT_RETURN_TYPE = YES_ERROR;
				GCC_WARN_UNDECLARED_SELECTOR = YES;
				GCC_WARN_UNINITIALIZED_AUTOS = YES_AGGRESSIVE;
				GCC_WARN_UNUSED_FUNCTION = YES;
				GCC_WARN_UNUSED_VARIABLE = YES;
				IPHONEOS_DEPLOYMENT_TARGET = 7.1;
				SDKROOT = iphoneos;
				TARGETED_DEVICE_FAMILY = "1,2";
				VALIDATE_PRODUCT = YES;
			};
			name = Release;
		};
		79F7A59819B8D4EA0090C6D0 /* Debug */ = {
			isa = XCBuildConfiguration;
			buildSettings = {
				ASSETCATALOG_COMPILER_APPICON_NAME = AppIcon;
				ASSETCATALOG_COMPILER_LAUNCHIMAGE_NAME = LaunchImage;
				FRAMEWORK_SEARCH_PATHS = (
					"$(inherited)",
					"$(PROJECT_DIR)/Foodie/Third",
					Party,
				);
				GCC_PRECOMPILE_PREFIX_HEADER = YES;
				GCC_PREFIX_HEADER = "Foodie/Foodie-Prefix.pch";
				INFOPLIST_FILE = "Foodie/Foodie-Info.plist";
				LIBRARY_SEARCH_PATHS = (
					"$(inherited)",
					"$(PROJECT_DIR)/Foodie/Third",
					Party/GoogleAnalytics,
				);
				PRODUCT_NAME = "$(TARGET_NAME)";
				WRAPPER_EXTENSION = app;
			};
			name = Debug;
		};
		79F7A59919B8D4EA0090C6D0 /* Release */ = {
			isa = XCBuildConfiguration;
			buildSettings = {
				ASSETCATALOG_COMPILER_APPICON_NAME = AppIcon;
				ASSETCATALOG_COMPILER_LAUNCHIMAGE_NAME = LaunchImage;
				FRAMEWORK_SEARCH_PATHS = (
					"$(inherited)",
					"$(PROJECT_DIR)/Foodie/Third",
					Party,
				);
				GCC_PRECOMPILE_PREFIX_HEADER = YES;
				GCC_PREFIX_HEADER = "Foodie/Foodie-Prefix.pch";
				INFOPLIST_FILE = "Foodie/Foodie-Info.plist";
				LIBRARY_SEARCH_PATHS = (
					"$(inherited)",
					"$(PROJECT_DIR)/Foodie/Third",
					Party/GoogleAnalytics,
				);
				PRODUCT_NAME = "$(TARGET_NAME)";
				WRAPPER_EXTENSION = app;
			};
			name = Release;
		};
		79F7A59B19B8D4EA0090C6D0 /* Debug */ = {
			isa = XCBuildConfiguration;
			buildSettings = {
				BUNDLE_LOADER = "$(BUILT_PRODUCTS_DIR)/Foodie.app/Foodie";
				FRAMEWORK_SEARCH_PATHS = (
					"$(SDKROOT)/Developer/Library/Frameworks",
					"$(inherited)",
					"$(DEVELOPER_FRAMEWORKS_DIR)",
				);
				GCC_PRECOMPILE_PREFIX_HEADER = YES;
				GCC_PREFIX_HEADER = "Foodie/Foodie-Prefix.pch";
				GCC_PREPROCESSOR_DEFINITIONS = (
					"DEBUG=1",
					"$(inherited)",
				);
				INFOPLIST_FILE = "FoodieTests/FoodieTests-Info.plist";
				PRODUCT_NAME = "$(TARGET_NAME)";
				TEST_HOST = "$(BUNDLE_LOADER)";
				WRAPPER_EXTENSION = xctest;
			};
			name = Debug;
		};
		79F7A59C19B8D4EA0090C6D0 /* Release */ = {
			isa = XCBuildConfiguration;
			buildSettings = {
				BUNDLE_LOADER = "$(BUILT_PRODUCTS_DIR)/Foodie.app/Foodie";
				FRAMEWORK_SEARCH_PATHS = (
					"$(SDKROOT)/Developer/Library/Frameworks",
					"$(inherited)",
					"$(DEVELOPER_FRAMEWORKS_DIR)",
				);
				GCC_PRECOMPILE_PREFIX_HEADER = YES;
				GCC_PREFIX_HEADER = "Foodie/Foodie-Prefix.pch";
				INFOPLIST_FILE = "FoodieTests/FoodieTests-Info.plist";
				PRODUCT_NAME = "$(TARGET_NAME)";
				TEST_HOST = "$(BUNDLE_LOADER)";
				WRAPPER_EXTENSION = xctest;
			};
			name = Release;
		};
/* End XCBuildConfiguration section */

/* Begin XCConfigurationList section */
		79F7A55D19B8D4EA0090C6D0 /* Build configuration list for PBXProject "Foodie" */ = {
			isa = XCConfigurationList;
			buildConfigurations = (
				79F7A59519B8D4EA0090C6D0 /* Debug */,
				79F7A59619B8D4EA0090C6D0 /* Release */,
			);
			defaultConfigurationIsVisible = 0;
			defaultConfigurationName = Release;
		};
		79F7A59719B8D4EA0090C6D0 /* Build configuration list for PBXNativeTarget "Foodie" */ = {
			isa = XCConfigurationList;
			buildConfigurations = (
				79F7A59819B8D4EA0090C6D0 /* Debug */,
				79F7A59919B8D4EA0090C6D0 /* Release */,
			);
			defaultConfigurationIsVisible = 0;
		};
		79F7A59A19B8D4EA0090C6D0 /* Build configuration list for PBXNativeTarget "FoodieTests" */ = {
			isa = XCConfigurationList;
			buildConfigurations = (
				79F7A59B19B8D4EA0090C6D0 /* Debug */,
				79F7A59C19B8D4EA0090C6D0 /* Release */,
			);
			defaultConfigurationIsVisible = 0;
		};
/* End XCConfigurationList section */
	};
	rootObject = 79F7A55A19B8D4EA0090C6D0 /* Project object */;
}
